
Microsoft Visual Studio Solution File, Format Version 12.00
# Visual Studio Version 16
VisualStudioVersion = 16.0.29009.5
MinimumVisualStudioVersion = 10.0.40219.1
Project("{8BC9CEB8-8B4A-11D0-8D11-00A0C91BC942}") = "Chapter13", "Chapter13\Chapter13.vcxproj", "{B28045A9-7FAC-412B-9666-EDF1F7C0F671}"
EndProject
Global
	GlobalSection(SolutionConfigurationPlatforms) = preSolution
		Debug|x64 = Debug|x64
		Debug|x86 = Debug|x86
		Release|x64 = Release|x64
		Release|x86 = Release|x86
	EndGlobalSection
	GlobalSection(ProjectConfigurationPlatforms) = postSolution
		{B28045A9-7FAC-412B-9666-EDF1F7C0F671}.Debug|x64.ActiveCfg = Debug|x64
		{B28045A9-7FAC-412B-9666-EDF1F7C0F671}.Debug|x64.Build.0 = Debug|x64
		{B28045A9-7FAC-412B-9666-EDF1F7C0F671}.Debug|x86.ActiveCfg = Debug|Win32
		{B28045A9-7FAC-412B-9666-EDF1F7C0F671}.Debug|x86.Build.0 = Debug|Win32
		{B28045A9-7FAC-412B-9666-EDF1F7C0F671}.Release|x64.ActiveCfg = Release|x64
		{B28045A9-7FAC-412B-9666-EDF1F7C0F671}.Release|x64.Build.0 = Release|x64
		{B28045A9-7FAC-412B-9666-EDF1F7C0F671}.Release|x86.ActiveCfg = Release|Win32
		{B28045A9-7FAC-412B-9666-EDF1F7C0F671}.Release|x86.Build.0 = Release|Win32
	EndGlobalSection
	GlobalSection(SolutionProperties) = preSolution
		HideSolutionNode = FALSE
	EndGlobalSection
	GlobalSection(ExtensibilityGlobals) = postSolution
		SolutionGuid = {1A5469FB-C001-4B0B-A39F-5A18B7058047}
	EndGlobalSection
EndGlobal
